
Microsoft Visual Studio Solution File, Format Version 12.00
# Visual Studio Version 17
VisualStudioVersion = 17.0.31903.59
MinimumVisualStudioVersion = 10.0.40219.1
Project("{FAE04EC0-301F-11D3-BF4B-00C04F79EFBC}") = "Avfs", "Avfs\Avfs.csproj", "{D6754BE7-71C4-4410-85E6-485ABF4EB8FD}"
EndProject
Project("{FAE04EC0-301F-11D3-BF4B-00C04F79EFBC}") = "Avfs.Abstractions", "Avfs.Abstractions\Avfs.Abstractions.csproj", "{69BCCC5B-DBBE-41A5-A966-5D3B0D14E6D6}"
EndProject
Project("{FAE04EC0-301F-11D3-BF4B-00C04F79EFBC}") = "Avfs.UnitTests", "Avfs.UnitTests\Avfs.UnitTests.csproj", "{3616C51A-B3EA-48A5-94E1-8D185CB2B513}"
EndProject
Project("{FAE04EC0-301F-11D3-BF4B-00C04F79EFBC}") = "Avfs.IntegrationTests", "Avfs.IntegrationTests\Avfs.IntegrationTests.csproj", "{CE0B2214-6394-4233-BDA2-7C5D32C5DAFE}"
EndProject
Global
	GlobalSection(SolutionConfigurationPlatforms) = preSolution
		Debug|Any CPU = Debug|Any CPU
		Release|Any CPU = Release|Any CPU
	EndGlobalSection
	GlobalSection(SolutionProperties) = preSolution
		HideSolutionNode = FALSE
	EndGlobalSection
	GlobalSection(ProjectConfigurationPlatforms) = postSolution
		{D6754BE7-71C4-4410-85E6-485ABF4EB8FD}.Debug|Any CPU.ActiveCfg = Debug|Any CPU
		{D6754BE7-71C4-4410-85E6-485ABF4EB8FD}.Debug|Any CPU.Build.0 = Debug|Any CPU
		{D6754BE7-71C4-4410-85E6-485ABF4EB8FD}.Release|Any CPU.ActiveCfg = Release|Any CPU
		{D6754BE7-71C4-4410-85E6-485ABF4EB8FD}.Release|Any CPU.Build.0 = Release|Any CPU
		{69BCCC5B-DBBE-41A5-A966-5D3B0D14E6D6}.Debug|Any CPU.ActiveCfg = Debug|Any CPU
		{69BCCC5B-DBBE-41A5-A966-5D3B0D14E6D6}.Debug|Any CPU.Build.0 = Debug|Any CPU
		{69BCCC5B-DBBE-41A5-A966-5D3B0D14E6D6}.Release|Any CPU.ActiveCfg = Release|Any CPU
		{69BCCC5B-DBBE-41A5-A966-5D3B0D14E6D6}.Release|Any CPU.Build.0 = Release|Any CPU
		{3616C51A-B3EA-48A5-94E1-8D185CB2B513}.Debug|Any CPU.ActiveCfg = Debug|Any CPU
		{3616C51A-B3EA-48A5-94E1-8D185CB2B513}.Debug|Any CPU.Build.0 = Debug|Any CPU
		{3616C51A-B3EA-48A5-94E1-8D185CB2B513}.Release|Any CPU.ActiveCfg = Release|Any CPU
		{3616C51A-B3EA-48A5-94E1-8D185CB2B513}.Release|Any CPU.Build.0 = Release|Any CPU
		{CE0B2214-6394-4233-BDA2-7C5D32C5DAFE}.Debug|Any CPU.ActiveCfg = Debug|Any CPU
		{CE0B2214-6394-4233-BDA2-7C5D32C5DAFE}.Debug|Any CPU.Build.0 = Debug|Any CPU
		{CE0B2214-6394-4233-BDA2-7C5D32C5DAFE}.Release|Any CPU.ActiveCfg = Release|Any CPU
		{CE0B2214-6394-4233-BDA2-7C5D32C5DAFE}.Release|Any CPU.Build.0 = Release|Any CPU
	EndGlobalSection
EndGlobal
